
Microsoft Visual Studio Solution File, Format Version 12.00
# Visual Studio Version 17
VisualStudioVersion = 17.7.34031.279
MinimumVisualStudioVersion = 10.0.40219.1
Project("{FAE04EC0-301F-11D3-BF4B-00C04F79EFBC}") = "WinFormsApp_WASD_controls_2023-2024", "WinFormsApp_WASD_controls_2023-2024\WinFormsApp_WASD_controls_2023-2024.csproj", "{48781BE4-FEF1-41A5-8A0E-881B1D160CD6}"
EndProject
Global
	GlobalSection(SolutionConfigurationPlatforms) = preSolution
		Debug|Any CPU = Debug|Any CPU
		Release|Any CPU = Release|Any CPU
	EndGlobalSection
	GlobalSection(ProjectConfigurationPlatforms) = postSolution
		{48781BE4-FEF1-41A5-8A0E-881B1D160CD6}.Debug|Any CPU.ActiveCfg = Debug|Any CPU
		{48781BE4-FEF1-41A5-8A0E-881B1D160CD6}.Debug|Any CPU.Build.0 = Debug|Any CPU
		{48781BE4-FEF1-41A5-8A0E-881B1D160CD6}.Release|Any CPU.ActiveCfg = Release|Any CPU
		{48781BE4-FEF1-41A5-8A0E-881B1D160CD6}.Release|Any CPU.Build.0 = Release|Any CPU
	EndGlobalSection
	GlobalSection(SolutionProperties) = preSolution
		HideSolutionNode = FALSE
	EndGlobalSection
	GlobalSection(ExtensibilityGlobals) = postSolution
		SolutionGuid = {14EC4598-5822-4C7F-A175-7758F4EDC110}
	EndGlobalSection
EndGlobal
